
Microsoft Visual Studio Solution File, Format Version 12.00
# Visual Studio Version 16
VisualStudioVersion = 16.0.30907.101
MinimumVisualStudioVersion = 10.0.40219.1
Project("{FAE04EC0-301F-11D3-BF4B-00C04F79EFBC}") = "SortingAlgorithms", "SortingAlgorithms\SortingAlgorithms.csproj", "{F190E4D0-D9BF-47E9-A2DF-6D09AD8D0A56}"
EndProject
Global
	GlobalSection(SolutionConfigurationPlatforms) = preSolution
		Debug|Any CPU = Debug|Any CPU
		Release|Any CPU = Release|Any CPU
	EndGlobalSection
	GlobalSection(ProjectConfigurationPlatforms) = postSolution
		{F190E4D0-D9BF-47E9-A2DF-6D09AD8D0A56}.Debug|Any CPU.ActiveCfg = Debug|Any CPU
		{F190E4D0-D9BF-47E9-A2DF-6D09AD8D0A56}.Debug|Any CPU.Build.0 = Debug|Any CPU
		{F190E4D0-D9BF-47E9-A2DF-6D09AD8D0A56}.Release|Any CPU.ActiveCfg = Release|Any CPU
		{F190E4D0-D9BF-47E9-A2DF-6D09AD8D0A56}.Release|Any CPU.Build.0 = Release|Any CPU
	EndGlobalSection
	GlobalSection(SolutionProperties) = preSolution
		HideSolutionNode = FALSE
	EndGlobalSection
	GlobalSection(ExtensibilityGlobals) = postSolution
		SolutionGuid = {CDAF40D5-7932-4803-B917-E14C480C1F96}
	EndGlobalSection
EndGlobal
